// !$*UTF8*$!
{
	archiveVersion = 1;
	classes = {
	};
	objectVersion = 50;
	objects = {

/* Begin PBXBuildFile section */
		F4918E8524D5D0550002B794 /* AppDelegate.swift in Sources */ = {isa = PBXBuildFile; fileRef = F4918E8424D5D0550002B794 /* AppDelegate.swift */; };
		F4918E8724D5D0550002B794 /* SceneDelegate.swift in Sources */ = {isa = PBXBuildFile; fileRef = F4918E8624D5D0550002B794 /* SceneDelegate.swift */; };
		F4918E8924D5D0550002B794 /* ViewController.swift in Sources */ = {isa = PBXBuildFile; fileRef = F4918E8824D5D0550002B794 /* ViewController.swift */; };
		F4918E8C24D5D0550002B794 /* Main.storyboard in Resources */ = {isa = PBXBuildFile; fileRef = F4918E8A24D5D0550002B794 /* Main.storyboard */; };
		F4918E8E24D5D0570002B794 /* Assets.xcassets in Resources */ = {isa = PBXBuildFile; fileRef = F4918E8D24D5D0570002B794 /* Assets.xcassets */; };
		F4918E9124D5D0570002B794 /* LaunchScreen.storyboard in Resources */ = {isa = PBXBuildFile; fileRef = F4918E8F24D5D0570002B794 /* LaunchScreen.storyboard */; };
		F4918E9C24D5D0570002B794 /* tipTests.swift in Sources */ = {isa = PBXBuildFile; fileRef = F4918E9B24D5D0570002B794 /* tipTests.swift */; };
		F4918EA724D5D0570002B794 /* tipUITests.swift in Sources */ = {isa = PBXBuildFile; fileRef = F4918EA624D5D0570002B794 /* tipUITests.swift */; };
		F4918EB524D612860002B794 /* SettingsViewController.swift in Sources */ = {isa = PBXBuildFile; fileRef = F4918EB424D612860002B794 /* SettingsViewController.swift */; };
/* End PBXBuildFile section */

/* Begin PBXContainerItemProxy section */
		F4918E9824D5D0570002B794 /* PBXContainerItemProxy */ = {
			isa = PBXContainerItemProxy;
			containerPortal = F4918E7924D5D0550002B794 /* Project object */;
			proxyType = 1;
			remoteGlobalIDString = F4918E8024D5D0550002B794;
			remoteInfo = tip;
		};
		F4918EA324D5D0570002B794 /* PBXContainerItemProxy */ = {
			isa = PBXContainerItemProxy;
			containerPortal = F4918E7924D5D0550002B794 /* Project object */;
			proxyType = 1;
			remoteGlobalIDString = F4918E8024D5D0550002B794;
			remoteInfo = tip;
		};
/* End PBXContainerItemProxy section */

/* Begin PBXFileReference section */
		F4918E8124D5D0550002B794 /* tip.app */ = {isa = PBXFileReference; explicitFileType = wrapper.application; includeInIndex = 0; path = tip.app; sourceTree = BUILT_PRODUCTS_DIR; };
		F4918E8424D5D0550002B794 /* AppDelegate.swift */ = {isa = PBXFileReference; lastKnownFileType = sourcecode.swift; path = AppDelegate.swift; sourceTree = "<group>"; };
		F4918E8624D5D0550002B794 /* SceneDelegate.swift */ = {isa = PBXFileReference; lastKnownFileType = sourcecode.swift; path = SceneDelegate.swift; sourceTree = "<group>"; };
		F4918E8824D5D0550002B794 /* ViewController.swift */ = {isa = PBXFileReference; lastKnownFileType = sourcecode.swift; path = ViewController.swift; sourceTree = "<group>"; };
		F4918E8B24D5D0550002B794 /* Base */ = {isa = PBXFileReference; lastKnownFileType = file.storyboard; name = Base; path = Base.lproj/Main.storyboard; sourceTree = "<group>"; };
		F4918E8D24D5D0570002B794 /* Assets.xcassets */ = {isa = PBXFileReference; lastKnownFileType = folder.assetcatalog; path = Assets.xcassets; sourceTree = "<group>"; };
		F4918E9024D5D0570002B794 /* Base */ = {isa = PBXFileReference; lastKnownFileType = file.storyboard; name = Base; path = Base.lproj/LaunchScreen.storyboard; sourceTree = "<group>"; };
		F4918E9224D5D0570002B794 /* Info.plist */ = {isa = PBXFileReference; lastKnownFileType = text.plist.xml; path = Info.plist; sourceTree = "<group>"; };
		F4918E9724D5D0570002B794 /* tipTests.xctest */ = {isa = PBXFileReference; explicitFileType = wrapper.cfbundle; includeInIndex = 0; path = tipTests.xctest; sourceTree = BUILT_PRODUCTS_DIR; };
		F4918E9B24D5D0570002B794 /* tipTests.swift */ = {isa = PBXFileReference; lastKnownFileType = sourcecode.swift; path = tipTests.swift; sourceTree = "<group>"; };
		F4918E9D24D5D0570002B794 /* Info.plist */ = {isa = PBXFileReference; lastKnownFileType = text.plist.xml; path = Info.plist; sourceTree = "<group>"; };
		F4918EA224D5D0570002B794 /* tipUITests.xctest */ = {isa = PBXFileReference; explicitFileType = wrapper.cfbundle; includeInIndex = 0; path = tipUITests.xctest; sourceTree = BUILT_PRODUCTS_DIR; };
		F4918EA624D5D0570002B794 /* tipUITests.swift */ = {isa = PBXFileReference; lastKnownFileType = sourcecode.swift; path = tipUITests.swift; sourceTree = "<group>"; };
		F4918EA824D5D0570002B794 /* Info.plist */ = {isa = PBXFileReference; lastKnownFileType = text.plist.xml; path = Info.plist; sourceTree = "<group>"; };
		F4918EB424D612860002B794 /* SettingsViewController.swift */ = {isa = PBXFileReference; lastKnownFileType = sourcecode.swift; path = SettingsViewController.swift; sourceTree = "<group>"; };
/* End PBXFileReference section */

/* Begin PBXFrameworksBuildPhase section */
		F4918E7E24D5D0550002B794 /* Frameworks */ = {
			isa = PBXFrameworksBuildPhase;
			buildActionMask = 2147483647;
			files = (
			);
			runOnlyForDeploymentPostprocessing = 0;
		};
		F4918E9424D5D0570002B794 /* Frameworks */ = {
			isa = PBXFrameworksBuildPhase;
			buildActionMask = 2147483647;
			files = (
			);
			runOnlyForDeploymentPostprocessing = 0;
		};
		F4918E9F24D5D0570002B794 /* Frameworks */ = {
			isa = PBXFrameworksBuildPhase;
			buildActionMask = 2147483647;
			files = (
			);
			runOnlyForDeploymentPostprocessing = 0;
		};
/* End PBXFrameworksBuildPhase section */

/* Begin PBXGroup section */
		F4918E7824D5D0550002B794 = {
			isa = PBXGroup;
			children = (
				F4918E8324D5D0550002B794 /* tip */,
				F4918E9A24D5D0570002B794 /* tipTests */,
				F4918EA524D5D0570002B794 /* tipUITests */,
				F4918E8224D5D0550002B794 /* Products */,
			);
			sourceTree = "<group>";
		};
		F4918E8224D5D0550002B794 /* Products */ = {
			isa = PBXGroup;
			children = (
				F4918E8124D5D0550002B794 /* tip.app */,
				F4918E9724D5D0570002B794 /* tipTests.xctest */,
				F4918EA224D5D0570002B794 /* tipUITests.xctest */,
			);
			name = Products;
			sourceTree = "<group>";
		};
		F4918E8324D5D0550002B794 /* tip */ = {
			isa = PBXGroup;
			children = (
				F4918E8424D5D0550002B794 /* AppDelegate.swift */,
				F4918E8624D5D0550002B794 /* SceneDelegate.swift */,
				F4918E8824D5D0550002B794 /* ViewController.swift */,
				F4918EB424D612860002B794 /* SettingsViewController.swift */,
				F4918E8A24D5D0550002B794 /* Main.storyboard */,
				F4918E8D24D5D0570002B794 /* Assets.xcassets */,
				F4918E8F24D5D0570002B794 /* LaunchScreen.storyboard */,
				F4918E9224D5D0570002B794 /* Info.plist */,
			);
			path = tip;
			sourceTree = "<group>";
		};
		F4918E9A24D5D0570002B794 /* tipTests */ = {
			isa = PBXGroup;
			children = (
				F4918E9B24D5D0570002B794 /* tipTests.swift */,
				F4918E9D24D5D0570002B794 /* Info.plist */,
			);
			path = tipTests;
			sourceTree = "<group>";
		};
		F4918EA524D5D0570002B794 /* tipUITests */ = {
			isa = PBXGroup;
			children = (
				F4918EA624D5D0570002B794 /* tipUITests.swift */,
				F4918EA824D5D0570002B794 /* Info.plist */,
			);
			path = tipUITests;
			sourceTree = "<group>";
		};
/* End PBXGroup section */

/* Begin PBXNativeTarget section */
		F4918E8024D5D0550002B794 /* tip */ = {
			isa = PBXNativeTarget;
			buildConfigurationList = F4918EAB24D5D0570002B794 /* Build configuration list for PBXNativeTarget "tip" */;
			buildPhases = (
				F4918E7D24D5D0550002B794 /* Sources */,
				F4918E7E24D5D0550002B794 /* Frameworks */,
				F4918E7F24D5D0550002B794 /* Resources */,
			);
			buildRules = (
			);
			dependencies = (
			);
			name = tip;
			productName = tip;
			productReference = F4918E8124D5D0550002B794 /* tip.app */;
			productType = "com.apple.product-type.application";
		};
		F4918E9624D5D0570002B794 /* tipTests */ = {
			isa = PBXNativeTarget;
			buildConfigurationList = F4918EAE24D5D0570002B794 /* Build configuration list for PBXNativeTarget "tipTests" */;
			buildPhases = (
				F4918E9324D5D0570002B794 /* Sources */,
				F4918E9424D5D0570002B794 /* Frameworks */,
				F4918E9524D5D0570002B794 /* Resources */,
			);
			buildRules = (
			);
			dependencies = (
				F4918E9924D5D0570002B794 /* PBXTargetDependency */,
			);
			name = tipTests;
			productName = tipTests;
			productReference = F4918E9724D5D0570002B794 /* tipTests.xctest */;
			productType = "com.apple.product-type.bundle.unit-test";
		};
		F4918EA124D5D0570002B794 /* tipUITests */ = {
			isa = PBXNativeTarget;
			buildConfigurationList = F4918EB124D5D0570002B794 /* Build configuration list for PBXNativeTarget "tipUITests" */;
			buildPhases = (
				F4918E9E24D5D0570002B794 /* Sources */,
				F4918E9F24D5D0570002B794 /* Frameworks */,
				F4918EA024D5D0570002B794 /* Resources */,
			);
			buildRules = (
			);
			dependencies = (
				F4918EA424D5D0570002B794 /* PBXTargetDependency */,
			);
			name = tipUITests;
			productName = tipUITests;
			productReference = F4918EA224D5D0570002B794 /* tipUITests.xctest */;
			productType = "com.apple.product-type.bundle.ui-testing";
		};
/* End PBXNativeTarget section */

/* Begin PBXProject section */
		F4918E7924D5D0550002B794 /* Project object */ = {
			isa = PBXProject;
			attributes = {
				LastSwiftUpdateCheck = 1160;
				LastUpgradeCheck = 1160;
				ORGANIZATIONNAME = Codepath;
				TargetAttributes = {
					F4918E8024D5D0550002B794 = {
						CreatedOnToolsVersion = 11.6;
					};
					F4918E9624D5D0570002B794 = {
						CreatedOnToolsVersion = 11.6;
						TestTargetID = F4918E8024D5D0550002B794;
					};
					F4918EA124D5D0570002B794 = {
						CreatedOnToolsVersion = 11.6;
						TestTargetID = F4918E8024D5D0550002B794;
					};
				};
			};
			buildConfigurationList = F4918E7C24D5D0550002B794 /* Build configuration list for PBXProject "tip" */;
			compatibilityVersion = "Xcode 9.3";
			developmentRegion = en;
			hasScannedForEncodings = 0;
			knownRegions = (
				en,
				Base,
			);
			mainGroup = F4918E7824D5D0550002B794;
			productRefGroup = F4918E8224D5D0550002B794 /* Products */;
			projectDirPath = "";
			projectRoot = "";
			targets = (
				F4918E8024D5D0550002B794 /* tip */,
				F4918E9624D5D0570002B794 /* tipTests */,
				F4918EA124D5D0570002B794 /* tipUITests */,
			);
		};
/* End PBXProject section */

/* Begin PBXResourcesBuildPhase section */
		F4918E7F24D5D0550002B794 /* Resources */ = {
			isa = PBXResourcesBuildPhase;
			buildActionMask = 2147483647;
			files = (
				F4918E9124D5D0570002B794 /* LaunchScreen.storyboard in Resources */,
				F4918E8E24D5D0570002B794 /* Assets.xcassets in Resources */,
				F4918E8C24D5D0550002B794 /* Main.storyboard in Resources */,
			);
			runOnlyForDeploymentPostprocessing = 0;
		};
		F4918E9524D5D0570002B794 /* Resources */ = {
			isa = PBXResourcesBuildPhase;
			buildActionMask = 2147483647;
			files = (
			);
			runOnlyForDeploymentPostprocessing = 0;
		};
		F4918EA024D5D0570002B794 /* Resources */ = {
			isa = PBXResourcesBuildPhase;
			buildActionMask = 2147483647;
			files = (
			);
			runOnlyForDeploymentPostprocessing = 0;
		};
/* End PBXResourcesBuildPhase section */

/* Begin PBXSourcesBuildPhase section */
		F4918E7D24D5D0550002B794 /* Sources */ = {
			isa = PBXSourcesBuildPhase;
			buildActionMask = 2147483647;
			files = (
				F4918E8924D5D0550002B794 /* ViewController.swift in Sources */,
				F4918E8524D5D0550002B794 /* AppDelegate.swift in Sources */,
				F4918E8724D5D0550002B794 /* SceneDelegate.swift in Sources */,
				F4918EB524D612860002B794 /* SettingsViewController.swift in Sources */,
			);
			runOnlyForDeploymentPostprocessing = 0;
		};
		F4918E9324D5D0570002B794 /* Sources */ = {
			isa = PBXSourcesBuildPhase;
			buildActionMask = 2147483647;
			files = (
				F4918E9C24D5D0570002B794 /* tipTests.swift in Sources */,
			);
			runOnlyForDeploymentPostprocessing = 0;
		};
		F4918E9E24D5D0570002B794 /* Sources */ = {
			isa = PBXSourcesBuildPhase;
			buildActionMask = 2147483647;
			files = (
				F4918EA724D5D0570002B794 /* tipUITests.swift in Sources */,
			);
			runOnlyForDeploymentPostprocessing = 0;
		};
/* End PBXSourcesBuildPhase section */

/* Begin PBXTargetDependency section */
		F4918E9924D5D0570002B794 /* PBXTargetDependency */ = {
			isa = PBXTargetDependency;
			target = F4918E8024D5D0550002B794 /* tip */;
			targetProxy = F4918E9824D5D0570002B794 /* PBXContainerItemProxy */;
		};
		F4918EA424D5D0570002B794 /* PBXTargetDependency */ = {
			isa = PBXTargetDependency;
			target = F4918E8024D5D0550002B794 /* tip */;
			targetProxy = F4918EA324D5D0570002B794 /* PBXContainerItemProxy */;
		};
/* End PBXTargetDependency section */

/* Begin PBXVariantGroup section */
		F4918E8A24D5D0550002B794 /* Main.storyboard */ = {
			isa = PBXVariantGroup;
			children = (
				F4918E8B24D5D0550002B794 /* Base */,
			);
			name = Main.storyboard;
			sourceTree = "<group>";
		};
		F4918E8F24D5D0570002B794 /* LaunchScreen.storyboard */ = {
			isa = PBXVariantGroup;
			children = (
				F4918E9024D5D0570002B794 /* Base */,
			);
			name = LaunchScreen.storyboard;
			sourceTree = "<group>";
		};
/* End PBXVariantGroup section */

/* Begin XCBuildConfiguration section */
		F4918EA924D5D0570002B794 /* Debug */ = {
			isa = XCBuildConfiguration;
			buildSettings = {
				ALWAYS_SEARCH_USER_PATHS = NO;
				CLANG_ANALYZER_NONNULL = YES;
				CLANG_ANALYZER_NUMBER_OBJECT_CONVERSION = YES_AGGRESSIVE;
				CLANG_CXX_LANGUAGE_STANDARD = "gnu++14";
				CLANG_CXX_LIBRARY = "libc++";
				CLANG_ENABLE_MODULES = YES;
				CLANG_ENABLE_OBJC_ARC = YES;
				CLANG_ENABLE_OBJC_WEAK = YES;
				CLANG_WARN_BLOCK_CAPTURE_AUTORELEASING = YES;
				CLANG_WARN_BOOL_CONVERSION = YES;
				CLANG_WARN_COMMA = YES;
				CLANG_WARN_CONSTANT_CONVERSION = YES;
				CLANG_WARN_DEPRECATED_OBJC_IMPLEMENTATIONS = YES;
				CLANG_WARN_DIRECT_OBJC_ISA_USAGE = YES_ERROR;
				CLANG_WARN_DOCUMENTATION_COMMENTS = YES;
				CLANG_WARN_EMPTY_BODY = YES;
				CLANG_WARN_ENUM_CONVERSION = YES;
				CLANG_WARN_INFINITE_RECURSION = YES;
				CLANG_WARN_INT_CONVERSION = YES;
				CLANG_WARN_NON_LITERAL_NULL_CONVERSION = YES;
				CLANG_WARN_OBJC_IMPLICIT_RETAIN_SELF = YES;
				CLANG_WARN_OBJC_LITERAL_CONVERSION = YES;
				CLANG_WARN_OBJC_ROOT_CLASS = YES_ERROR;
				CLANG_WARN_RANGE_LOOP_ANALYSIS = YES;
				CLANG_WARN_STRICT_PROTOTYPES = YES;
				CLANG_WARN_SUSPICIOUS_MOVE = YES;
				CLANG_WARN_UNGUARDED_AVAILABILITY = YES_AGGRESSIVE;
				CLANG_WARN_UNREACHABLE_CODE = YES;
				CLANG_WARN__DUPLICATE_METHOD_MATCH = YES;
				COPY_PHASE_STRIP = NO;
				DEBUG_INFORMATION_FORMAT = dwarf;
				ENABLE_STRICT_OBJC_MSGSEND = YES;
				ENABLE_TESTABILITY = YES;
				GCC_C_LANGUAGE_STANDARD = gnu11;
				GCC_DYNAMIC_NO_PIC = NO;
				GCC_NO_COMMON_BLOCKS = YES;
				GCC_OPTIMIZATION_LEVEL = 0;
				GCC_PREPROCESSOR_DEFINITIONS = (
					"DEBUG=1",
					"$(inherited)",
				);
				GCC_WARN_64_TO_32_BIT_CONVERSION = YES;
				GCC_WARN_ABOUT_RETURN_TYPE = YES_ERROR;
				GCC_WARN_UNDECLARED_SELECTOR = YES;
				GCC_WARN_UNINITIALIZED_AUTOS = YES_AGGRESSIVE;
				GCC_WARN_UNUSED_FUNCTION = YES;
				GCC_WARN_UNUSED_VARIABLE = YES;
				IPHONEOS_DEPLOYMENT_TARGET = 13.6;
				MTL_ENABLE_DEBUG_INFO = INCLUDE_SOURCE;
				MTL_FAST_MATH = YES;
				ONLY_ACTIVE_ARCH = YES;
				SDKROOT = iphoneos;
				SWIFT_ACTIVE_COMPILATION_CONDITIONS = DEBUG;
				SWIFT_OPTIMIZATION_LEVEL = "-Onone";
			};
			name = Debug;
		};
		F4918EAA24D5D0570002B794 /* Release */ = {
			isa = XCBuildConfiguration;
			buildSettings = {
				ALWAYS_SEARCH_USER_PATHS = NO;
				CLANG_ANALYZER_NONNULL = YES;
				CLANG_ANALYZER_NUMBER_OBJECT_CONVERSION = YES_AGGRESSIVE;
				CLANG_CXX_LANGUAGE_STANDARD = "gnu++14";
				CLANG_CXX_LIBRARY = "libc++";
				CLANG_ENABLE_MODULES = YES;
				CLANG_ENABLE_OBJC_ARC = YES;
				CLANG_ENABLE_OBJC_WEAK = YES;
				CLANG_WARN_BLOCK_CAPTURE_AUTORELEASING = YES;
				CLANG_WARN_BOOL_CONVERSION = YES;
				CLANG_WARN_COMMA = YES;
				CLANG_WARN_CONSTANT_CONVERSION = YES;
				CLANG_WARN_DEPRECATED_OBJC_IMPLEMENTATIONS = YES;
				CLANG_WARN_DIRECT_OBJC_ISA_USAGE = YES_ERROR;
				CLANG_WARN_DOCUMENTATION_COMMENTS = YES;
				CLANG_WARN_EMPTY_BODY = YES;
				CLANG_WARN_ENUM_CONVERSION = YES;
				CLANG_WARN_INFINITE_RECURSION = YES;
				CLANG_WARN_INT_CONVERSION = YES;
				CLANG_WARN_NON_LITERAL_NULL_CONVERSION = YES;
				CLANG_WARN_OBJC_IMPLICIT_RETAIN_SELF = YES;
				CLANG_WARN_OBJC_LITERAL_CONVERSION = YES;
				CLANG_WARN_OBJC_ROOT_CLASS = YES_ERROR;
				CLANG_WARN_RANGE_LOOP_ANALYSIS = YES;
				CLANG_WARN_STRICT_PROTOTYPES = YES;
				CLANG_WARN_SUSPICIOUS_MOVE = YES;
				CLANG_WARN_UNGUARDED_AVAILABILITY = YES_AGGRESSIVE;
				CLANG_WARN_UNREACHABLE_CODE = YES;
				CLANG_WARN__DUPLICATE_METHOD_MATCH = YES;
				COPY_PHASE_STRIP = NO;
				DEBUG_INFORMATION_FORMAT = "dwarf-with-dsym";
				ENABLE_NS_ASSERTIONS = NO;
				ENABLE_STRICT_OBJC_MSGSEND = YES;
				GCC_C_LANGUAGE_STANDARD = gnu11;
				GCC_NO_COMMON_BLOCKS = YES;
				GCC_WARN_64_TO_32_BIT_CONVERSION = YES;
				GCC_WARN_ABOUT_RETURN_TYPE = YES_ERROR;
				GCC_WARN_UNDECLARED_SELECTOR = YES;
				GCC_WARN_UNINITIALIZED_AUTOS = YES_AGGRESSIVE;
				GCC_WARN_UNUSED_FUNCTION = YES;
				GCC_WARN_UNUSED_VARIABLE = YES;
				IPHONEOS_DEPLOYMENT_TARGET = 13.6;
				MTL_ENABLE_DEBUG_INFO = NO;
				MTL_FAST_MATH = YES;
				SDKROOT = iphoneos;
				SWIFT_COMPILATION_MODE = wholemodule;
				SWIFT_OPTIMIZATION_LEVEL = "-O";
				VALIDATE_PRODUCT = YES;
			};
			name = Release;
		};
		F4918EAC24D5D0570002B794 /* Debug */ = {
			isa = XCBuildConfiguration;
			buildSettings = {
				ASSETCATALOG_COMPILER_APPICON_NAME = AppIcon;
				CODE_SIGN_STYLE = Automatic;
				INFOPLIST_FILE = tip/Info.plist;
				LD_RUNPATH_SEARCH_PATHS = (
					"$(inherited)",
					"@executable_path/Frameworks",
				);
				PRODUCT_BUNDLE_IDENTIFIER = Codepath.tip;
				PRODUCT_NAME = "$(TARGET_NAME)";
				SWIFT_VERSION = 5.0;
				TARGETED_DEVICE_FAMILY = "1,2";
			};
			name = Debug;
		};
		F4918EAD24D5D0570002B794 /* Release */ = {
			isa = XCBuildConfiguration;
			buildSettings = {
				ASSETCATALOG_COMPILER_APPICON_NAME = AppIcon;
				CODE_SIGN_STYLE = Automatic;
				INFOPLIST_FILE = tip/Info.plist;
				LD_RUNPATH_SEARCH_PATHS = (
					"$(inherited)",
					"@executable_path/Frameworks",
				);
				PRODUCT_BUNDLE_IDENTIFIER = Codepath.tip;
				PRODUCT_NAME = "$(TARGET_NAME)";
				SWIFT_VERSION = 5.0;
				TARGETED_DEVICE_FAMILY = "1,2";
			};
			name = Release;
		};
		F4918EAF24D5D0570002B794 /* Debug */ = {
			isa = XCBuildConfiguration;
			buildSettings = {
				ALWAYS_EMBED_SWIFT_STANDARD_LIBRARIES = YES;
				BUNDLE_LOADER = "$(TEST_HOST)";
				CODE_SIGN_STYLE = Automatic;
				INFOPLIST_FILE = tipTests/Info.plist;
				IPHONEOS_DEPLOYMENT_TARGET = 13.6;
				LD_RUNPATH_SEARCH_PATHS = (
					"$(inherited)",
					"@executable_path/Frameworks",
					"@loader_path/Frameworks",
				);
				PRODUCT_BUNDLE_IDENTIFIER = Codepath.tipTests;
				PRODUCT_NAME = "$(TARGET_NAME)";
				SWIFT_VERSION = 5.0;
				TARGETED_DEVICE_FAMILY = "1,2";
				TEST_HOST = "$(BUILT_PRODUCTS_DIR)/tip.app/tip";
			};
			name = Debug;
		};
		F4918EB024D5D0570002B794 /* Release */ = {
			isa = XCBuildConfiguration;
			buildSettings = {
				ALWAYS_EMBED_SWIFT_STANDARD_LIBRARIES = YES;
				BUNDLE_LOADER = "$(TEST_HOST)";
				CODE_SIGN_STYLE = Automatic;
				INFOPLIST_FILE = tipTests/Info.plist;
				IPHONEOS_DEPLOYMENT_TARGET = 13.6;
				LD_RUNPATH_SEARCH_PATHS = (
					"$(inherited)",
					"@executable_path/Frameworks",
					"@loader_path/Frameworks",
				);
				PRODUCT_BUNDLE_IDENTIFIER = Codepath.tipTests;
				PRODUCT_NAME = "$(TARGET_NAME)";
				SWIFT_VERSION = 5.0;
				TARGETED_DEVICE_FAMILY = "1,2";
				TEST_HOST = "$(BUILT_PRODUCTS_DIR)/tip.app/tip";
			};
			name = Release;
		};
		F4918EB224D5D0570002B794 /* Debug */ = {
			isa = XCBuildConfiguration;
			buildSettings = {
				ALWAYS_EMBED_SWIFT_STANDARD_LIBRARIES = YES;
				CODE_SIGN_STYLE = Automatic;
				INFOPLIST_FILE = tipUITests/Info.plist;
				LD_RUNPATH_SEARCH_PATHS = (
					"$(inherited)",
					"@executable_path/Frameworks",
					"@loader_path/Frameworks",
				);
				PRODUCT_BUNDLE_IDENTIFIER = Codepath.tipUITests;
				PRODUCT_NAME = "$(TARGET_NAME)";
				SWIFT_VERSION = 5.0;
				TARGETED_DEVICE_FAMILY = "1,2";
				TEST_TARGET_NAME = tip;
			};
			name = Debug;
		};
		F4918EB324D5D0570002B794 /* Release */ = {
			isa = XCBuildConfiguration;
			buildSettings = {
				ALWAYS_EMBED_SWIFT_STANDARD_LIBRARIES = YES;
				CODE_SIGN_STYLE = Automatic;
				INFOPLIST_FILE = tipUITests/Info.plist;
				LD_RUNPATH_SEARCH_PATHS = (
					"$(inherited)",
					"@executable_path/Frameworks",
					"@loader_path/Frameworks",
				);
				PRODUCT_BUNDLE_IDENTIFIER = Codepath.tipUITests;
				PRODUCT_NAME = "$(TARGET_NAME)";
				SWIFT_VERSION = 5.0;
				TARGETED_DEVICE_FAMILY = "1,2";
				TEST_TARGET_NAME = tip;
			};
			name = Release;
		};
/* End XCBuildConfiguration section */

/* Begin XCConfigurationList section */
		F4918E7C24D5D0550002B794 /* Build configuration list for PBXProject "tip" */ = {
			isa = XCConfigurationList;
			buildConfigurations = (
				F4918EA924D5D0570002B794 /* Debug */,
				F4918EAA24D5D0570002B794 /* Release */,
			);
			defaultConfigurationIsVisible = 0;
			defaultConfigurationName = Release;
		};
		F4918EAB24D5D0570002B794 /* Build configuration list for PBXNativeTarget "tip" */ = {
			isa = XCConfigurationList;
			buildConfigurations = (
				F4918EAC24D5D0570002B794 /* Debug */,
				F4918EAD24D5D0570002B794 /* Release */,
			);
			defaultConfigurationIsVisible = 0;
			defaultConfigurationName = Release;
		};
		F4918EAE24D5D0570002B794 /* Build configuration list for PBXNativeTarget "tipTests" */ = {
			isa = XCConfigurationList;
			buildConfigurations = (
				F4918EAF24D5D0570002B794 /* Debug */,
				F4918EB024D5D0570002B794 /* Release */,
			);
			defaultConfigurationIsVisible = 0;
			defaultConfigurationName = Release;
		};
		F4918EB124D5D0570002B794 /* Build configuration list for PBXNativeTarget "tipUITests" */ = {
			isa = XCConfigurationList;
			buildConfigurations = (
				F4918EB224D5D0570002B794 /* Debug */,
				F4918EB324D5D0570002B794 /* Release */,
			);
			defaultConfigurationIsVisible = 0;
			defaultConfigurationName = Release;
		};
/* End XCConfigurationList section */
	};
	rootObject = F4918E7924D5D0550002B794 /* Project object */;
}
